// !$*UTF8*$!
{
	archiveVersion = 1;
	classes = {
	};
	objectVersion = 50;
	objects = {

/* Begin PBXBuildFile section */
		FA641EFA26F4B50F00783ED7 /* AppDelegate.m in Sources */ = {isa = PBXBuildFile; fileRef = FA641EF926F4B50F00783ED7 /* AppDelegate.m */; };
		FA641EFD26F4B50F00783ED7 /* SceneDelegate.m in Sources */ = {isa = PBXBuildFile; fileRef = FA641EFC26F4B50F00783ED7 /* SceneDelegate.m */; };
		FA641F0026F4B50F00783ED7 /* ViewController.m in Sources */ = {isa = PBXBuildFile; fileRef = FA641EFF26F4B50F00783ED7 /* ViewController.m */; };
		FA641F0326F4B50F00783ED7 /* Main.storyboard in Resources */ = {isa = PBXBuildFile; fileRef = FA641F0126F4B50F00783ED7 /* Main.storyboard */; };
		FA641F0626F4B50F00783ED7 /* Map_View_App.xcdatamodeld in Sources */ = {isa = PBXBuildFile; fileRef = FA641F0426F4B50F00783ED7 /* Map_View_App.xcdatamodeld */; };
		FA641F0826F4B51200783ED7 /* Assets.xcassets in Resources */ = {isa = PBXBuildFile; fileRef = FA641F0726F4B51200783ED7 /* Assets.xcassets */; };
		FA641F0B26F4B51200783ED7 /* LaunchScreen.storyboard in Resources */ = {isa = PBXBuildFile; fileRef = FA641F0926F4B51200783ED7 /* LaunchScreen.storyboard */; };
		FA641F0E26F4B51200783ED7 /* main.m in Sources */ = {isa = PBXBuildFile; fileRef = FA641F0D26F4B51200783ED7 /* main.m */; };
		FA641F1826F4B51300783ED7 /* Map_View_AppTests.m in Sources */ = {isa = PBXBuildFile; fileRef = FA641F1726F4B51300783ED7 /* Map_View_AppTests.m */; };
		FA641F2326F4B51300783ED7 /* Map_View_AppUITests.m in Sources */ = {isa = PBXBuildFile; fileRef = FA641F2226F4B51300783ED7 /* Map_View_AppUITests.m */; };
		FA641F3226F4BDC700783ED7 /* MapKit.framework in Frameworks */ = {isa = PBXBuildFile; fileRef = FA641F3126F4BDC700783ED7 /* MapKit.framework */; };
		FA641F3526F4C9FD00783ED7 /* MapPin.m in Sources */ = {isa = PBXBuildFile; fileRef = FA641F3426F4C9FD00783ED7 /* MapPin.m */; };
/* End PBXBuildFile section */

/* Begin PBXContainerItemProxy section */
		FA641F1426F4B51300783ED7 /* PBXContainerItemProxy */ = {
			isa = PBXContainerItemProxy;
			containerPortal = FA641EED26F4B50F00783ED7 /* Project object */;
			proxyType = 1;
			remoteGlobalIDString = FA641EF426F4B50F00783ED7;
			remoteInfo = "Map View App";
		};
		FA641F1F26F4B51300783ED7 /* PBXContainerItemProxy */ = {
			isa = PBXContainerItemProxy;
			containerPortal = FA641EED26F4B50F00783ED7 /* Project object */;
			proxyType = 1;
			remoteGlobalIDString = FA641EF426F4B50F00783ED7;
			remoteInfo = "Map View App";
		};
/* End PBXContainerItemProxy section */

/* Begin PBXFileReference section */
		FA641EF526F4B50F00783ED7 /* Map View App.app */ = {isa = PBXFileReference; explicitFileType = wrapper.application; includeInIndex = 0; path = "Map View App.app"; sourceTree = BUILT_PRODUCTS_DIR; };
		FA641EF826F4B50F00783ED7 /* AppDelegate.h */ = {isa = PBXFileReference; lastKnownFileType = sourcecode.c.h; path = AppDelegate.h; sourceTree = "<group>"; };
		FA641EF926F4B50F00783ED7 /* AppDelegate.m */ = {isa = PBXFileReference; lastKnownFileType = sourcecode.c.objc; path = AppDelegate.m; sourceTree = "<group>"; };
		FA641EFB26F4B50F00783ED7 /* SceneDelegate.h */ = {isa = PBXFileReference; lastKnownFileType = sourcecode.c.h; path = SceneDelegate.h; sourceTree = "<group>"; };
		FA641EFC26F4B50F00783ED7 /* SceneDelegate.m */ = {isa = PBXFileReference; lastKnownFileType = sourcecode.c.objc; path = SceneDelegate.m; sourceTree = "<group>"; };
		FA641EFE26F4B50F00783ED7 /* ViewController.h */ = {isa = PBXFileReference; lastKnownFileType = sourcecode.c.h; path = ViewController.h; sourceTree = "<group>"; };
		FA641EFF26F4B50F00783ED7 /* ViewController.m */ = {isa = PBXFileReference; lastKnownFileType = sourcecode.c.objc; path = ViewController.m; sourceTree = "<group>"; };
		FA641F0226F4B50F00783ED7 /* Base */ = {isa = PBXFileReference; lastKnownFileType = file.storyboard; name = Base; path = Base.lproj/Main.storyboard; sourceTree = "<group>"; };
		FA641F0526F4B50F00783ED7 /* Map_View_App.xcdatamodel */ = {isa = PBXFileReference; lastKnownFileType = wrapper.xcdatamodel; path = Map_View_App.xcdatamodel; sourceTree = "<group>"; };
		FA641F0726F4B51200783ED7 /* Assets.xcassets */ = {isa = PBXFileReference; lastKnownFileType = folder.assetcatalog; path = Assets.xcassets; sourceTree = "<group>"; };
		FA641F0A26F4B51200783ED7 /* Base */ = {isa = PBXFileReference; lastKnownFileType = file.storyboard; name = Base; path = Base.lproj/LaunchScreen.storyboard; sourceTree = "<group>"; };
		FA641F0C26F4B51200783ED7 /* Info.plist */ = {isa = PBXFileReference; lastKnownFileType = text.plist.xml; path = Info.plist; sourceTree = "<group>"; };
		FA641F0D26F4B51200783ED7 /* main.m */ = {isa = PBXFileReference; lastKnownFileType = sourcecode.c.objc; path = main.m; sourceTree = "<group>"; };
		FA641F1326F4B51300783ED7 /* Map View AppTests.xctest */ = {isa = PBXFileReference; explicitFileType = wrapper.cfbundle; includeInIndex = 0; path = "Map View AppTests.xctest"; sourceTree = BUILT_PRODUCTS_DIR; };
		FA641F1726F4B51300783ED7 /* Map_View_AppTests.m */ = {isa = PBXFileReference; lastKnownFileType = sourcecode.c.objc; path = Map_View_AppTests.m; sourceTree = "<group>"; };
		FA641F1926F4B51300783ED7 /* Info.plist */ = {isa = PBXFileReference; lastKnownFileType = text.plist.xml; path = Info.plist; sourceTree = "<group>"; };
		FA641F1E26F4B51300783ED7 /* Map View AppUITests.xctest */ = {isa = PBXFileReference; explicitFileType = wrapper.cfbundle; includeInIndex = 0; path = "Map View AppUITests.xctest"; sourceTree = BUILT_PRODUCTS_DIR; };
		FA641F2226F4B51300783ED7 /* Map_View_AppUITests.m */ = {isa = PBXFileReference; lastKnownFileType = sourcecode.c.objc; path = Map_View_AppUITests.m; sourceTree = "<group>"; };
		FA641F2426F4B51300783ED7 /* Info.plist */ = {isa = PBXFileReference; lastKnownFileType = text.plist.xml; path = Info.plist; sourceTree = "<group>"; };
		FA641F3126F4BDC700783ED7 /* MapKit.framework */ = {isa = PBXFileReference; lastKnownFileType = wrapper.framework; name = MapKit.framework; path = System/Library/Frameworks/MapKit.framework; sourceTree = SDKROOT; };
		FA641F3326F4C9FD00783ED7 /* MapPin.h */ = {isa = PBXFileReference; lastKnownFileType = sourcecode.c.h; path = MapPin.h; sourceTree = "<group>"; };
		FA641F3426F4C9FD00783ED7 /* MapPin.m */ = {isa = PBXFileReference; lastKnownFileType = sourcecode.c.objc; path = MapPin.m; sourceTree = "<group>"; };
/* End PBXFileReference section */

/* Begin PBXFrameworksBuildPhase section */
		FA641EF226F4B50F00783ED7 /* Frameworks */ = {
			isa = PBXFrameworksBuildPhase;
			buildActionMask = 2147483647;
			files = (
				FA641F3226F4BDC700783ED7 /* MapKit.framework in Frameworks */,
			);
			runOnlyForDeploymentPostprocessing = 0;
		};
		FA641F1026F4B51300783ED7 /* Frameworks */ = {
			isa = PBXFrameworksBuildPhase;
			buildActionMask = 2147483647;
			files = (
			);
			runOnlyForDeploymentPostprocessing = 0;
		};
		FA641F1B26F4B51300783ED7 /* Frameworks */ = {
			isa = PBXFrameworksBuildPhase;
			buildActionMask = 2147483647;
			files = (
			);
			runOnlyForDeploymentPostprocessing = 0;
		};
/* End PBXFrameworksBuildPhase section */

/* Begin PBXGroup section */
		FA641EEC26F4B50F00783ED7 = {
			isa = PBXGroup;
			children = (
				FA641EF726F4B50F00783ED7 /* Map View App */,
				FA641F1626F4B51300783ED7 /* Map View AppTests */,
				FA641F2126F4B51300783ED7 /* Map View AppUITests */,
				FA641EF626F4B50F00783ED7 /* Products */,
				FA641F3026F4BDC700783ED7 /* Frameworks */,
			);
			sourceTree = "<group>";
		};
		FA641EF626F4B50F00783ED7 /* Products */ = {
			isa = PBXGroup;
			children = (
				FA641EF526F4B50F00783ED7 /* Map View App.app */,
				FA641F1326F4B51300783ED7 /* Map View AppTests.xctest */,
				FA641F1E26F4B51300783ED7 /* Map View AppUITests.xctest */,
			);
			name = Products;
			sourceTree = "<group>";
		};
		FA641EF726F4B50F00783ED7 /* Map View App */ = {
			isa = PBXGroup;
			children = (
				FA641EF826F4B50F00783ED7 /* AppDelegate.h */,
				FA641EF926F4B50F00783ED7 /* AppDelegate.m */,
				FA641EFB26F4B50F00783ED7 /* SceneDelegate.h */,
				FA641EFC26F4B50F00783ED7 /* SceneDelegate.m */,
				FA641EFE26F4B50F00783ED7 /* ViewController.h */,
				FA641EFF26F4B50F00783ED7 /* ViewController.m */,
				FA641F3326F4C9FD00783ED7 /* MapPin.h */,
				FA641F3426F4C9FD00783ED7 /* MapPin.m */,
				FA641F0126F4B50F00783ED7 /* Main.storyboard */,
				FA641F0726F4B51200783ED7 /* Assets.xcassets */,
				FA641F0926F4B51200783ED7 /* LaunchScreen.storyboard */,
				FA641F0C26F4B51200783ED7 /* Info.plist */,
				FA641F0D26F4B51200783ED7 /* main.m */,
				FA641F0426F4B50F00783ED7 /* Map_View_App.xcdatamodeld */,
			);
			path = "Map View App";
			sourceTree = "<group>";
		};
		FA641F1626F4B51300783ED7 /* Map View AppTests */ = {
			isa = PBXGroup;
			children = (
				FA641F1726F4B51300783ED7 /* Map_View_AppTests.m */,
				FA641F1926F4B51300783ED7 /* Info.plist */,
			);
			path = "Map View AppTests";
			sourceTree = "<group>";
		};
		FA641F2126F4B51300783ED7 /* Map View AppUITests */ = {
			isa = PBXGroup;
			children = (
				FA641F2226F4B51300783ED7 /* Map_View_AppUITests.m */,
				FA641F2426F4B51300783ED7 /* Info.plist */,
			);
			path = "Map View AppUITests";
			sourceTree = "<group>";
		};
		FA641F3026F4BDC700783ED7 /* Frameworks */ = {
			isa = PBXGroup;
			children = (
				FA641F3126F4BDC700783ED7 /* MapKit.framework */,
			);
			name = Frameworks;
			sourceTree = "<group>";
		};
/* End PBXGroup section */

/* Begin PBXNativeTarget section */
		FA641EF426F4B50F00783ED7 /* Map View App */ = {
			isa = PBXNativeTarget;
			buildConfigurationList = FA641F2726F4B51300783ED7 /* Build configuration list for PBXNativeTarget "Map View App" */;
			buildPhases = (
				FA641EF126F4B50F00783ED7 /* Sources */,
				FA641EF226F4B50F00783ED7 /* Frameworks */,
				FA641EF326F4B50F00783ED7 /* Resources */,
			);
			buildRules = (
			);
			dependencies = (
			);
			name = "Map View App";
			productName = "Map View App";
			productReference = FA641EF526F4B50F00783ED7 /* Map View App.app */;
			productType = "com.apple.product-type.application";
		};
		FA641F1226F4B51300783ED7 /* Map View AppTests */ = {
			isa = PBXNativeTarget;
			buildConfigurationList = FA641F2A26F4B51300783ED7 /* Build configuration list for PBXNativeTarget "Map View AppTests" */;
			buildPhases = (
				FA641F0F26F4B51300783ED7 /* Sources */,
				FA641F1026F4B51300783ED7 /* Frameworks */,
				FA641F1126F4B51300783ED7 /* Resources */,
			);
			buildRules = (
			);
			dependencies = (
				FA641F1526F4B51300783ED7 /* PBXTargetDependency */,
			);
			name = "Map View AppTests";
			productName = "Map View AppTests";
			productReference = FA641F1326F4B51300783ED7 /* Map View AppTests.xctest */;
			productType = "com.apple.product-type.bundle.unit-test";
		};
		FA641F1D26F4B51300783ED7 /* Map View AppUITests */ = {
			isa = PBXNativeTarget;
			buildConfigurationList = FA641F2D26F4B51300783ED7 /* Build configuration list for PBXNativeTarget "Map View AppUITests" */;
			buildPhases = (
				FA641F1A26F4B51300783ED7 /* Sources */,
				FA641F1B26F4B51300783ED7 /* Frameworks */,
				FA641F1C26F4B51300783ED7 /* Resources */,
			);
			buildRules = (
			);
			dependencies = (
				FA641F2026F4B51300783ED7 /* PBXTargetDependency */,
			);
			name = "Map View AppUITests";
			productName = "Map View AppUITests";
			productReference = FA641F1E26F4B51300783ED7 /* Map View AppUITests.xctest */;
			productType = "com.apple.product-type.bundle.ui-testing";
		};
/* End PBXNativeTarget section */

/* Begin PBXProject section */
		FA641EED26F4B50F00783ED7 /* Project object */ = {
			isa = PBXProject;
			attributes = {
				LastUpgradeCheck = 1250;
				TargetAttributes = {
					FA641EF426F4B50F00783ED7 = {
						CreatedOnToolsVersion = 12.5.1;
					};
					FA641F1226F4B51300783ED7 = {
						CreatedOnToolsVersion = 12.5.1;
						TestTargetID = FA641EF426F4B50F00783ED7;
					};
					FA641F1D26F4B51300783ED7 = {
						CreatedOnToolsVersion = 12.5.1;
						TestTargetID = FA641EF426F4B50F00783ED7;
					};
				};
			};
			buildConfigurationList = FA641EF026F4B50F00783ED7 /* Build configuration list for PBXProject "Map View App" */;
			compatibilityVersion = "Xcode 9.3";
			developmentRegion = en;
			hasScannedForEncodings = 0;
			knownRegions = (
				en,
				Base,
			);
			mainGroup = FA641EEC26F4B50F00783ED7;
			productRefGroup = FA641EF626F4B50F00783ED7 /* Products */;
			projectDirPath = "";
			projectRoot = "";
			targets = (
				FA641EF426F4B50F00783ED7 /* Map View App */,
				FA641F1226F4B51300783ED7 /* Map View AppTests */,
				FA641F1D26F4B51300783ED7 /* Map View AppUITests */,
			);
		};
/* End PBXProject section */

/* Begin PBXResourcesBuildPhase section */
		FA641EF326F4B50F00783ED7 /* Resources */ = {
			isa = PBXResourcesBuildPhase;
			buildActionMask = 2147483647;
			files = (
				FA641F0B26F4B51200783ED7 /* LaunchScreen.storyboard in Resources */,
				FA641F0826F4B51200783ED7 /* Assets.xcassets in Resources */,
				FA641F0326F4B50F00783ED7 /* Main.storyboard in Resources */,
			);
			runOnlyForDeploymentPostprocessing = 0;
		};
		FA641F1126F4B51300783ED7 /* Resources */ = {
			isa = PBXResourcesBuildPhase;
			buildActionMask = 2147483647;
			files = (
			);
			runOnlyForDeploymentPostprocessing = 0;
		};
		FA641F1C26F4B51300783ED7 /* Resources */ = {
			isa = PBXResourcesBuildPhase;
			buildActionMask = 2147483647;
			files = (
			);
			runOnlyForDeploymentPostprocessing = 0;
		};
/* End PBXResourcesBuildPhase section */

/* Begin PBXSourcesBuildPhase section */
		FA641EF126F4B50F00783ED7 /* Sources */ = {
			isa = PBXSourcesBuildPhase;
			buildActionMask = 2147483647;
			files = (
				FA641F3526F4C9FD00783ED7 /* MapPin.m in Sources */,
				FA641F0E26F4B51200783ED7 /* main.m in Sources */,
				FA641F0026F4B50F00783ED7 /* ViewController.m in Sources */,
				FA641F0626F4B50F00783ED7 /* Map_View_App.xcdatamodeld in Sources */,
				FA641EFA26F4B50F00783ED7 /* AppDelegate.m in Sources */,
				FA641EFD26F4B50F00783ED7 /* SceneDelegate.m in Sources */,
			);
			runOnlyForDeploymentPostprocessing = 0;
		};
		FA641F0F26F4B51300783ED7 /* Sources */ = {
			isa = PBXSourcesBuildPhase;
			buildActionMask = 2147483647;
			files = (
				FA641F1826F4B51300783ED7 /* Map_View_AppTests.m in Sources */,
			);
			runOnlyForDeploymentPostprocessing = 0;
		};
		FA641F1A26F4B51300783ED7 /* Sources */ = {
			isa = PBXSourcesBuildPhase;
			buildActionMask = 2147483647;
			files = (
				FA641F2326F4B51300783ED7 /* Map_View_AppUITests.m in Sources */,
			);
			runOnlyForDeploymentPostprocessing = 0;
		};
/* End PBXSourcesBuildPhase section */

/* Begin PBXTargetDependency section */
		FA641F1526F4B51300783ED7 /* PBXTargetDependency */ = {
			isa = PBXTargetDependency;
			target = FA641EF426F4B50F00783ED7 /* Map View App */;
			targetProxy = FA641F1426F4B51300783ED7 /* PBXContainerItemProxy */;
		};
		FA641F2026F4B51300783ED7 /* PBXTargetDependency */ = {
			isa = PBXTargetDependency;
			target = FA641EF426F4B50F00783ED7 /* Map View App */;
			targetProxy = FA641F1F26F4B51300783ED7 /* PBXContainerItemProxy */;
		};
/* End PBXTargetDependency section */

/* Begin PBXVariantGroup section */
		FA641F0126F4B50F00783ED7 /* Main.storyboard */ = {
			isa = PBXVariantGroup;
			children = (
				FA641F0226F4B50F00783ED7 /* Base */,
			);
			name = Main.storyboard;
			sourceTree = "<group>";
		};
		FA641F0926F4B51200783ED7 /* LaunchScreen.storyboard */ = {
			isa = PBXVariantGroup;
			children = (
				FA641F0A26F4B51200783ED7 /* Base */,
			);
			name = LaunchScreen.storyboard;
			sourceTree = "<group>";
		};
/* End PBXVariantGroup section */

/* Begin XCBuildConfiguration section */
		FA641F2526F4B51300783ED7 /* Debug */ = {
			isa = XCBuildConfiguration;
			buildSettings = {
				ALWAYS_SEARCH_USER_PATHS = NO;
				CLANG_ANALYZER_NONNULL = YES;
				CLANG_ANALYZER_NUMBER_OBJECT_CONVERSION = YES_AGGRESSIVE;
				CLANG_CXX_LANGUAGE_STANDARD = "gnu++14";
				CLANG_CXX_LIBRARY = "libc++";
				CLANG_ENABLE_MODULES = YES;
				CLANG_ENABLE_OBJC_ARC = YES;
				CLANG_ENABLE_OBJC_WEAK = YES;
				CLANG_WARN_BLOCK_CAPTURE_AUTORELEASING = YES;
				CLANG_WARN_BOOL_CONVERSION = YES;
				CLANG_WARN_COMMA = YES;
				CLANG_WARN_CONSTANT_CONVERSION = YES;
				CLANG_WARN_DEPRECATED_OBJC_IMPLEMENTATIONS = YES;
				CLANG_WARN_DIRECT_OBJC_ISA_USAGE = YES_ERROR;
				CLANG_WARN_DOCUMENTATION_COMMENTS = YES;
				CLANG_WARN_EMPTY_BODY = YES;
				CLANG_WARN_ENUM_CONVERSION = YES;
				CLANG_WARN_INFINITE_RECURSION = YES;
				CLANG_WARN_INT_CONVERSION = YES;
				CLANG_WARN_NON_LITERAL_NULL_CONVERSION = YES;
				CLANG_WARN_OBJC_IMPLICIT_RETAIN_SELF = YES;
				CLANG_WARN_OBJC_LITERAL_CONVERSION = YES;
				CLANG_WARN_OBJC_ROOT_CLASS = YES_ERROR;
				CLANG_WARN_QUOTED_INCLUDE_IN_FRAMEWORK_HEADER = YES;
				CLANG_WARN_RANGE_LOOP_ANALYSIS = YES;
				CLANG_WARN_STRICT_PROTOTYPES = YES;
				CLANG_WARN_SUSPICIOUS_MOVE = YES;
				CLANG_WARN_UNGUARDED_AVAILABILITY = YES_AGGRESSIVE;
				CLANG_WARN_UNREACHABLE_CODE = YES;
				CLANG_WARN__DUPLICATE_METHOD_MATCH = YES;
				COPY_PHASE_STRIP = NO;
				DEBUG_INFORMATION_FORMAT = dwarf;
				ENABLE_STRICT_OBJC_MSGSEND = YES;
				ENABLE_TESTABILITY = YES;
				GCC_C_LANGUAGE_STANDARD = gnu11;
				GCC_DYNAMIC_NO_PIC = NO;
				GCC_NO_COMMON_BLOCKS = YES;
				GCC_OPTIMIZATION_LEVEL = 0;
				GCC_PREPROCESSOR_DEFINITIONS = (
					"DEBUG=1",
					"$(inherited)",
				);
				GCC_WARN_64_TO_32_BIT_CONVERSION = YES;
				GCC_WARN_ABOUT_RETURN_TYPE = YES_ERROR;
				GCC_WARN_UNDECLARED_SELECTOR = YES;
				GCC_WARN_UNINITIALIZED_AUTOS = YES_AGGRESSIVE;
				GCC_WARN_UNUSED_FUNCTION = YES;
				GCC_WARN_UNUSED_VARIABLE = YES;
				IPHONEOS_DEPLOYMENT_TARGET = 14.5;
				MTL_ENABLE_DEBUG_INFO = INCLUDE_SOURCE;
				MTL_FAST_MATH = YES;
				ONLY_ACTIVE_ARCH = YES;
				SDKROOT = iphoneos;
			};
			name = Debug;
		};
		FA641F2626F4B51300783ED7 /* Release */ = {
			isa = XCBuildConfiguration;
			buildSettings = {
				ALWAYS_SEARCH_USER_PATHS = NO;
				CLANG_ANALYZER_NONNULL = YES;
				CLANG_ANALYZER_NUMBER_OBJECT_CONVERSION = YES_AGGRESSIVE;
				CLANG_CXX_LANGUAGE_STANDARD = "gnu++14";
				CLANG_CXX_LIBRARY = "libc++";
				CLANG_ENABLE_MODULES = YES;
				CLANG_ENABLE_OBJC_ARC = YES;
				CLANG_ENABLE_OBJC_WEAK = YES;
				CLANG_WARN_BLOCK_CAPTURE_AUTORELEASING = YES;
				CLANG_WARN_BOOL_CONVERSION = YES;
				CLANG_WARN_COMMA = YES;
				CLANG_WARN_CONSTANT_CONVERSION = YES;
				CLANG_WARN_DEPRECATED_OBJC_IMPLEMENTATIONS = YES;
				CLANG_WARN_DIRECT_OBJC_ISA_USAGE = YES_ERROR;
				CLANG_WARN_DOCUMENTATION_COMMENTS = YES;
				CLANG_WARN_EMPTY_BODY = YES;
				CLANG_WARN_ENUM_CONVERSION = YES;
				CLANG_WARN_INFINITE_RECURSION = YES;
				CLANG_WARN_INT_CONVERSION = YES;
				CLANG_WARN_NON_LITERAL_NULL_CONVERSION = YES;
				CLANG_WARN_OBJC_IMPLICIT_RETAIN_SELF = YES;
				CLANG_WARN_OBJC_LITERAL_CONVERSION = YES;
				CLANG_WARN_OBJC_ROOT_CLASS = YES_ERROR;
				CLANG_WARN_QUOTED_INCLUDE_IN_FRAMEWORK_HEADER = YES;
				CLANG_WARN_RANGE_LOOP_ANALYSIS = YES;
				CLANG_WARN_STRICT_PROTOTYPES = YES;
				CLANG_WARN_SUSPICIOUS_MOVE = YES;
				CLANG_WARN_UNGUARDED_AVAILABILITY = YES_AGGRESSIVE;
				CLANG_WARN_UNREACHABLE_CODE = YES;
				CLANG_WARN__DUPLICATE_METHOD_MATCH = YES;
				COPY_PHASE_STRIP = NO;
				DEBUG_INFORMATION_FORMAT = "dwarf-with-dsym";
				ENABLE_NS_ASSERTIONS = NO;
				ENABLE_STRICT_OBJC_MSGSEND = YES;
				GCC_C_LANGUAGE_STANDARD = gnu11;
				GCC_NO_COMMON_BLOCKS = YES;
				GCC_WARN_64_TO_32_BIT_CONVERSION = YES;
				GCC_WARN_ABOUT_RETURN_TYPE = YES_ERROR;
				GCC_WARN_UNDECLARED_SELECTOR = YES;
				GCC_WARN_UNINITIALIZED_AUTOS = YES_AGGRESSIVE;
				GCC_WARN_UNUSED_FUNCTION = YES;
				GCC_WARN_UNUSED_VARIABLE = YES;
				IPHONEOS_DEPLOYMENT_TARGET = 14.5;
				MTL_ENABLE_DEBUG_INFO = NO;
				MTL_FAST_MATH = YES;
				SDKROOT = iphoneos;
				VALIDATE_PRODUCT = YES;
			};
			name = Release;
		};
		FA641F2826F4B51300783ED7 /* Debug */ = {
			isa = XCBuildConfiguration;
			buildSettings = {
				ASSETCATALOG_COMPILER_APPICON_NAME = AppIcon;
				ASSETCATALOG_COMPILER_GLOBAL_ACCENT_COLOR_NAME = AccentColor;
				CODE_SIGN_STYLE = Automatic;
				INFOPLIST_FILE = "Map View App/Info.plist";
				LD_RUNPATH_SEARCH_PATHS = (
					"$(inherited)",
					"@executable_path/Frameworks",
				);
				PRODUCT_BUNDLE_IDENTIFIER = "mustafakilinc.Map-View-App";
				PRODUCT_NAME = "$(TARGET_NAME)";
				TARGETED_DEVICE_FAMILY = "1,2";
			};
			name = Debug;
		};
		FA641F2926F4B51300783ED7 /* Release */ = {
			isa = XCBuildConfiguration;
			buildSettings = {
				ASSETCATALOG_COMPILER_APPICON_NAME = AppIcon;
				ASSETCATALOG_COMPILER_GLOBAL_ACCENT_COLOR_NAME = AccentColor;
				CODE_SIGN_IDENTITY = "Apple Development";
				CODE_SIGN_STYLE = Automatic;
				DEVELOPMENT_TEAM = "";
				INFOPLIST_FILE = "Map View App/Info.plist";
				LD_RUNPATH_SEARCH_PATHS = (
					"$(inherited)",
					"@executable_path/Frameworks",
				);
				PRODUCT_BUNDLE_IDENTIFIER = "mustafakilinc.Map-View-App";
				PRODUCT_NAME = "$(TARGET_NAME)";
				PROVISIONING_PROFILE_SPECIFIER = "";
				TARGETED_DEVICE_FAMILY = "1,2";
			};
			name = Release;
		};
		FA641F2B26F4B51300783ED7 /* Debug */ = {
			isa = XCBuildConfiguration;
			buildSettings = {
				BUNDLE_LOADER = "$(TEST_HOST)";
				CODE_SIGN_STYLE = Automatic;
				INFOPLIST_FILE = "Map View AppTests/Info.plist";
				IPHONEOS_DEPLOYMENT_TARGET = 14.5;
				LD_RUNPATH_SEARCH_PATHS = (
					"$(inherited)",
					"@executable_path/Frameworks",
					"@loader_path/Frameworks",
				);
				PRODUCT_BUNDLE_IDENTIFIER = "mustafakilinc.Map-View-AppTests";
				PRODUCT_NAME = "$(TARGET_NAME)";
				TARGETED_DEVICE_FAMILY = "1,2";
				TEST_HOST = "$(BUILT_PRODUCTS_DIR)/Map View App.app/Map View App";
			};
			name = Debug;
		};
		FA641F2C26F4B51300783ED7 /* Release */ = {
			isa = XCBuildConfiguration;
			buildSettings = {
				BUNDLE_LOADER = "$(TEST_HOST)";
				CODE_SIGN_STYLE = Automatic;
				INFOPLIST_FILE = "Map View AppTests/Info.plist";
				IPHONEOS_DEPLOYMENT_TARGET = 14.5;
				LD_RUNPATH_SEARCH_PATHS = (
					"$(inherited)",
					"@executable_path/Frameworks",
					"@loader_path/Frameworks",
				);
				PRODUCT_BUNDLE_IDENTIFIER = "mustafakilinc.Map-View-AppTests";
				PRODUCT_NAME = "$(TARGET_NAME)";
				TARGETED_DEVICE_FAMILY = "1,2";
				TEST_HOST = "$(BUILT_PRODUCTS_DIR)/Map View App.app/Map View App";
			};
			name = Release;
		};
		FA641F2E26F4B51300783ED7 /* Debug */ = {
			isa = XCBuildConfiguration;
			buildSettings = {
				CODE_SIGN_STYLE = Automatic;
				INFOPLIST_FILE = "Map View AppUITests/Info.plist";
				LD_RUNPATH_SEARCH_PATHS = (
					"$(inherited)",
					"@executable_path/Frameworks",
					"@loader_path/Frameworks",
				);
				PRODUCT_BUNDLE_IDENTIFIER = "mustafakilinc.Map-View-AppUITests";
				PRODUCT_NAME = "$(TARGET_NAME)";
				TARGETED_DEVICE_FAMILY = "1,2";
				TEST_TARGET_NAME = "Map View App";
			};
			name = Debug;
		};
		FA641F2F26F4B51300783ED7 /* Release */ = {
			isa = XCBuildConfiguration;
			buildSettings = {
				CODE_SIGN_STYLE = Automatic;
				INFOPLIST_FILE = "Map View AppUITests/Info.plist";
				LD_RUNPATH_SEARCH_PATHS = (
					"$(inherited)",
					"@executable_path/Frameworks",
					"@loader_path/Frameworks",
				);
				PRODUCT_BUNDLE_IDENTIFIER = "mustafakilinc.Map-View-AppUITests";
				PRODUCT_NAME = "$(TARGET_NAME)";
				TARGETED_DEVICE_FAMILY = "1,2";
				TEST_TARGET_NAME = "Map View App";
			};
			name = Release;
		};
/* End XCBuildConfiguration section */

/* Begin XCConfigurationList section */
		FA641EF026F4B50F00783ED7 /* Build configuration list for PBXProject "Map View App" */ = {
			isa = XCConfigurationList;
			buildConfigurations = (
				FA641F2526F4B51300783ED7 /* Debug */,
				FA641F2626F4B51300783ED7 /* Release */,
			);
			defaultConfigurationIsVisible = 0;
			defaultConfigurationName = Release;
		};
		FA641F2726F4B51300783ED7 /* Build configuration list for PBXNativeTarget "Map View App" */ = {
			isa = XCConfigurationList;
			buildConfigurations = (
				FA641F2826F4B51300783ED7 /* Debug */,
				FA641F2926F4B51300783ED7 /* Release */,
			);
			defaultConfigurationIsVisible = 0;
			defaultConfigurationName = Release;
		};
		FA641F2A26F4B51300783ED7 /* Build configuration list for PBXNativeTarget "Map View AppTests" */ = {
			isa = XCConfigurationList;
			buildConfigurations = (
				FA641F2B26F4B51300783ED7 /* Debug */,
				FA641F2C26F4B51300783ED7 /* Release */,
			);
			defaultConfigurationIsVisible = 0;
			defaultConfigurationName = Release;
		};
		FA641F2D26F4B51300783ED7 /* Build configuration list for PBXNativeTarget "Map View AppUITests" */ = {
			isa = XCConfigurationList;
			buildConfigurations = (
				FA641F2E26F4B51300783ED7 /* Debug */,
				FA641F2F26F4B51300783ED7 /* Release */,
			);
			defaultConfigurationIsVisible = 0;
			defaultConfigurationName = Release;
		};
/* End XCConfigurationList section */

/* Begin XCVersionGroup section */
		FA641F0426F4B50F00783ED7 /* Map_View_App.xcdatamodeld */ = {
			isa = XCVersionGroup;
			children = (
				FA641F0526F4B50F00783ED7 /* Map_View_App.xcdatamodel */,
			);
			currentVersion = FA641F0526F4B50F00783ED7 /* Map_View_App.xcdatamodel */;
			path = Map_View_App.xcdatamodeld;
			sourceTree = "<group>";
			versionGroupType = wrapper.xcdatamodel;
		};
/* End XCVersionGroup section */
	};
	rootObject = FA641EED26F4B50F00783ED7 /* Project object */;
}
